// !$*UTF8*$!
{
	archiveVersion = 1;
	classes = {
	};
	objectVersion = 48;
	objects = {

/* Begin PBXBuildFile section */
		9B3DA0DD20327A1100708A05 /* AppDelegate.swift in Sources */ = {isa = PBXBuildFile; fileRef = 9B3DA0DC20327A1100708A05 /* AppDelegate.swift */; };
		9B3DA0DF20327A1100708A05 /* ViewController.swift in Sources */ = {isa = PBXBuildFile; fileRef = 9B3DA0DE20327A1100708A05 /* ViewController.swift */; };
		9B3DA0E220327A1100708A05 /* Main.storyboard in Resources */ = {isa = PBXBuildFile; fileRef = 9B3DA0E020327A1100708A05 /* Main.storyboard */; };
		9B3DA0E420327A1100708A05 /* Assets.xcassets in Resources */ = {isa = PBXBuildFile; fileRef = 9B3DA0E320327A1100708A05 /* Assets.xcassets */; };
		9B3DA0E720327A1100708A05 /* LaunchScreen.storyboard in Resources */ = {isa = PBXBuildFile; fileRef = 9B3DA0E520327A1100708A05 /* LaunchScreen.storyboard */; };
		9B3DA0F220327A1100708A05 /* ChattingAVPlayerTests.swift in Sources */ = {isa = PBXBuildFile; fileRef = 9B3DA0F120327A1100708A05 /* ChattingAVPlayerTests.swift */; };
		9B3DA0FD20327A1100708A05 /* ChattingAVPlayerUITests.swift in Sources */ = {isa = PBXBuildFile; fileRef = 9B3DA0FC20327A1100708A05 /* ChattingAVPlayerUITests.swift */; };
		9BB5BB6C20688440006DDA9F /* SubtitlesParser.swift in Sources */ = {isa = PBXBuildFile; fileRef = 9BB5BB6B20688440006DDA9F /* SubtitlesParser.swift */; };
		9BB5BB6D20688440006DDA9F /* SubtitlesParser.swift in Sources */ = {isa = PBXBuildFile; fileRef = 9BB5BB6B20688440006DDA9F /* SubtitlesParser.swift */; };
		9BB5BB6F20689A78006DDA9F /* ChattingPlayerView.swift in Sources */ = {isa = PBXBuildFile; fileRef = 9BB5BB6E20689A78006DDA9F /* ChattingPlayerView.swift */; };
		9BB5BB7020689A78006DDA9F /* ChattingPlayerView.swift in Sources */ = {isa = PBXBuildFile; fileRef = 9BB5BB6E20689A78006DDA9F /* ChattingPlayerView.swift */; };
		9BB5BB722068A42F006DDA9F /* CellChatDefaultTableViewCell.swift in Sources */ = {isa = PBXBuildFile; fileRef = 9BB5BB712068A42F006DDA9F /* CellChatDefaultTableViewCell.swift */; };
		9BB5BB732068A42F006DDA9F /* CellChatDefaultTableViewCell.swift in Sources */ = {isa = PBXBuildFile; fileRef = 9BB5BB712068A42F006DDA9F /* CellChatDefaultTableViewCell.swift */; };
/* End PBXBuildFile section */

/* Begin PBXContainerItemProxy section */
		9B3DA0EE20327A1100708A05 /* PBXContainerItemProxy */ = {
			isa = PBXContainerItemProxy;
			containerPortal = 9B3DA0D120327A1100708A05 /* Project object */;
			proxyType = 1;
			remoteGlobalIDString = 9B3DA0D820327A1100708A05;
			remoteInfo = ChattingAVPlayer;
		};
		9B3DA0F920327A1100708A05 /* PBXContainerItemProxy */ = {
			isa = PBXContainerItemProxy;
			containerPortal = 9B3DA0D120327A1100708A05 /* Project object */;
			proxyType = 1;
			remoteGlobalIDString = 9B3DA0D820327A1100708A05;
			remoteInfo = ChattingAVPlayer;
		};
/* End PBXContainerItemProxy section */

/* Begin PBXFileReference section */
		9B3DA0D920327A1100708A05 /* ChattingAVPlayer.app */ = {isa = PBXFileReference; explicitFileType = wrapper.application; includeInIndex = 0; path = ChattingAVPlayer.app; sourceTree = BUILT_PRODUCTS_DIR; };
		9B3DA0DC20327A1100708A05 /* AppDelegate.swift */ = {isa = PBXFileReference; lastKnownFileType = sourcecode.swift; path = AppDelegate.swift; sourceTree = "<group>"; };
		9B3DA0DE20327A1100708A05 /* ViewController.swift */ = {isa = PBXFileReference; lastKnownFileType = sourcecode.swift; path = ViewController.swift; sourceTree = "<group>"; };
		9B3DA0E120327A1100708A05 /* Base */ = {isa = PBXFileReference; lastKnownFileType = file.storyboard; name = Base; path = Base.lproj/Main.storyboard; sourceTree = "<group>"; };
		9B3DA0E320327A1100708A05 /* Assets.xcassets */ = {isa = PBXFileReference; lastKnownFileType = folder.assetcatalog; path = Assets.xcassets; sourceTree = "<group>"; };
		9B3DA0E620327A1100708A05 /* Base */ = {isa = PBXFileReference; lastKnownFileType = file.storyboard; name = Base; path = Base.lproj/LaunchScreen.storyboard; sourceTree = "<group>"; };
		9B3DA0E820327A1100708A05 /* Info.plist */ = {isa = PBXFileReference; lastKnownFileType = text.plist.xml; path = Info.plist; sourceTree = "<group>"; };
		9B3DA0ED20327A1100708A05 /* ChattingAVPlayerTests.xctest */ = {isa = PBXFileReference; explicitFileType = wrapper.cfbundle; includeInIndex = 0; path = ChattingAVPlayerTests.xctest; sourceTree = BUILT_PRODUCTS_DIR; };
		9B3DA0F120327A1100708A05 /* ChattingAVPlayerTests.swift */ = {isa = PBXFileReference; lastKnownFileType = sourcecode.swift; path = ChattingAVPlayerTests.swift; sourceTree = "<group>"; };
		9B3DA0F320327A1100708A05 /* Info.plist */ = {isa = PBXFileReference; lastKnownFileType = text.plist.xml; path = Info.plist; sourceTree = "<group>"; };
		9B3DA0F820327A1100708A05 /* ChattingAVPlayerUITests.xctest */ = {isa = PBXFileReference; explicitFileType = wrapper.cfbundle; includeInIndex = 0; path = ChattingAVPlayerUITests.xctest; sourceTree = BUILT_PRODUCTS_DIR; };
		9B3DA0FC20327A1100708A05 /* ChattingAVPlayerUITests.swift */ = {isa = PBXFileReference; lastKnownFileType = sourcecode.swift; path = ChattingAVPlayerUITests.swift; sourceTree = "<group>"; };
		9B3DA0FE20327A1100708A05 /* Info.plist */ = {isa = PBXFileReference; lastKnownFileType = text.plist.xml; path = Info.plist; sourceTree = "<group>"; };
		9BB5BB6B20688440006DDA9F /* SubtitlesParser.swift */ = {isa = PBXFileReference; lastKnownFileType = sourcecode.swift; path = SubtitlesParser.swift; sourceTree = "<group>"; };
		9BB5BB6E20689A78006DDA9F /* ChattingPlayerView.swift */ = {isa = PBXFileReference; lastKnownFileType = sourcecode.swift; path = ChattingPlayerView.swift; sourceTree = "<group>"; };
		9BB5BB712068A42F006DDA9F /* CellChatDefaultTableViewCell.swift */ = {isa = PBXFileReference; lastKnownFileType = sourcecode.swift; path = CellChatDefaultTableViewCell.swift; sourceTree = "<group>"; };
/* End PBXFileReference section */

/* Begin PBXFrameworksBuildPhase section */
		9B3DA0D620327A1100708A05 /* Frameworks */ = {
			isa = PBXFrameworksBuildPhase;
			buildActionMask = 2147483647;
			files = (
			);
			runOnlyForDeploymentPostprocessing = 0;
		};
		9B3DA0EA20327A1100708A05 /* Frameworks */ = {
			isa = PBXFrameworksBuildPhase;
			buildActionMask = 2147483647;
			files = (
			);
			runOnlyForDeploymentPostprocessing = 0;
		};
		9B3DA0F520327A1100708A05 /* Frameworks */ = {
			isa = PBXFrameworksBuildPhase;
			buildActionMask = 2147483647;
			files = (
			);
			runOnlyForDeploymentPostprocessing = 0;
		};
/* End PBXFrameworksBuildPhase section */

/* Begin PBXGroup section */
		9B3DA0D020327A1100708A05 = {
			isa = PBXGroup;
			children = (
				9B3DA0DB20327A1100708A05 /* ChattingAVPlayer */,
				9B3DA0F020327A1100708A05 /* ChattingAVPlayerTests */,
				9B3DA0FB20327A1100708A05 /* ChattingAVPlayerUITests */,
				9B3DA0DA20327A1100708A05 /* Products */,
			);
			sourceTree = "<group>";
		};
		9B3DA0DA20327A1100708A05 /* Products */ = {
			isa = PBXGroup;
			children = (
				9B3DA0D920327A1100708A05 /* ChattingAVPlayer.app */,
				9B3DA0ED20327A1100708A05 /* ChattingAVPlayerTests.xctest */,
				9B3DA0F820327A1100708A05 /* ChattingAVPlayerUITests.xctest */,
			);
			name = Products;
			sourceTree = "<group>";
		};
		9B3DA0DB20327A1100708A05 /* ChattingAVPlayer */ = {
			isa = PBXGroup;
			children = (
				9BB5BB6A20688424006DDA9F /* Player */,
				9B3DA0DC20327A1100708A05 /* AppDelegate.swift */,
				9B3DA0DE20327A1100708A05 /* ViewController.swift */,
				9B3DA0E020327A1100708A05 /* Main.storyboard */,
				9B3DA0E320327A1100708A05 /* Assets.xcassets */,
				9B3DA0E520327A1100708A05 /* LaunchScreen.storyboard */,
				9B3DA0E820327A1100708A05 /* Info.plist */,
			);
			path = ChattingAVPlayer;
			sourceTree = "<group>";
		};
		9B3DA0F020327A1100708A05 /* ChattingAVPlayerTests */ = {
			isa = PBXGroup;
			children = (
				9B3DA0F120327A1100708A05 /* ChattingAVPlayerTests.swift */,
				9B3DA0F320327A1100708A05 /* Info.plist */,
			);
			path = ChattingAVPlayerTests;
			sourceTree = "<group>";
		};
		9B3DA0FB20327A1100708A05 /* ChattingAVPlayerUITests */ = {
			isa = PBXGroup;
			children = (
				9B3DA0FC20327A1100708A05 /* ChattingAVPlayerUITests.swift */,
				9B3DA0FE20327A1100708A05 /* Info.plist */,
			);
			path = ChattingAVPlayerUITests;
			sourceTree = "<group>";
		};
		9BB5BB6A20688424006DDA9F /* Player */ = {
			isa = PBXGroup;
			children = (
				9BB5BB6B20688440006DDA9F /* SubtitlesParser.swift */,
				9BB5BB6E20689A78006DDA9F /* ChattingPlayerView.swift */,
				9BB5BB712068A42F006DDA9F /* CellChatDefaultTableViewCell.swift */,
			);
			path = Player;
			sourceTree = "<group>";
		};
/* End PBXGroup section */

/* Begin PBXNativeTarget section */
		9B3DA0D820327A1100708A05 /* ChattingAVPlayer */ = {
			isa = PBXNativeTarget;
			buildConfigurationList = 9B3DA10120327A1100708A05 /* Build configuration list for PBXNativeTarget "ChattingAVPlayer" */;
			buildPhases = (
				9B3DA0D520327A1100708A05 /* Sources */,
				9B3DA0D620327A1100708A05 /* Frameworks */,
				9B3DA0D720327A1100708A05 /* Resources */,
			);
			buildRules = (
			);
			dependencies = (
			);
			name = ChattingAVPlayer;
			productName = ChattingAVPlayer;
			productReference = 9B3DA0D920327A1100708A05 /* ChattingAVPlayer.app */;
			productType = "com.apple.product-type.application";
		};
		9B3DA0EC20327A1100708A05 /* ChattingAVPlayerTests */ = {
			isa = PBXNativeTarget;
			buildConfigurationList = 9B3DA10420327A1100708A05 /* Build configuration list for PBXNativeTarget "ChattingAVPlayerTests" */;
			buildPhases = (
				9B3DA0E920327A1100708A05 /* Sources */,
				9B3DA0EA20327A1100708A05 /* Frameworks */,
				9B3DA0EB20327A1100708A05 /* Resources */,
			);
			buildRules = (
			);
			dependencies = (
				9B3DA0EF20327A1100708A05 /* PBXTargetDependency */,
			);
			name = ChattingAVPlayerTests;
			productName = ChattingAVPlayerTests;
			productReference = 9B3DA0ED20327A1100708A05 /* ChattingAVPlayerTests.xctest */;
			productType = "com.apple.product-type.bundle.unit-test";
		};
		9B3DA0F720327A1100708A05 /* ChattingAVPlayerUITests */ = {
			isa = PBXNativeTarget;
			buildConfigurationList = 9B3DA10720327A1100708A05 /* Build configuration list for PBXNativeTarget "ChattingAVPlayerUITests" */;
			buildPhases = (
				9B3DA0F420327A1100708A05 /* Sources */,
				9B3DA0F520327A1100708A05 /* Frameworks */,
				9B3DA0F620327A1100708A05 /* Resources */,
			);
			buildRules = (
			);
			dependencies = (
				9B3DA0FA20327A1100708A05 /* PBXTargetDependency */,
			);
			name = ChattingAVPlayerUITests;
			productName = ChattingAVPlayerUITests;
			productReference = 9B3DA0F820327A1100708A05 /* ChattingAVPlayerUITests.xctest */;
			productType = "com.apple.product-type.bundle.ui-testing";
		};
/* End PBXNativeTarget section */

/* Begin PBXProject section */
		9B3DA0D120327A1100708A05 /* Project object */ = {
			isa = PBXProject;
			attributes = {
				LastSwiftUpdateCheck = 0920;
				LastUpgradeCheck = 0920;
				ORGANIZATIONNAME = FlowerGeoji;
				TargetAttributes = {
					9B3DA0D820327A1100708A05 = {
						CreatedOnToolsVersion = 9.2;
						ProvisioningStyle = Automatic;
					};
					9B3DA0EC20327A1100708A05 = {
						CreatedOnToolsVersion = 9.2;
						ProvisioningStyle = Automatic;
						TestTargetID = 9B3DA0D820327A1100708A05;
					};
					9B3DA0F720327A1100708A05 = {
						CreatedOnToolsVersion = 9.2;
						ProvisioningStyle = Automatic;
						TestTargetID = 9B3DA0D820327A1100708A05;
					};
				};
			};
			buildConfigurationList = 9B3DA0D420327A1100708A05 /* Build configuration list for PBXProject "ChattingAVPlayer" */;
			compatibilityVersion = "Xcode 8.0";
			developmentRegion = en;
			hasScannedForEncodings = 0;
			knownRegions = (
				en,
				Base,
			);
			mainGroup = 9B3DA0D020327A1100708A05;
			productRefGroup = 9B3DA0DA20327A1100708A05 /* Products */;
			projectDirPath = "";
			projectRoot = "";
			targets = (
				9B3DA0D820327A1100708A05 /* ChattingAVPlayer */,
				9B3DA0EC20327A1100708A05 /* ChattingAVPlayerTests */,
				9B3DA0F720327A1100708A05 /* ChattingAVPlayerUITests */,
			);
		};
/* End PBXProject section */

/* Begin PBXResourcesBuildPhase section */
		9B3DA0D720327A1100708A05 /* Resources */ = {
			isa = PBXResourcesBuildPhase;
			buildActionMask = 2147483647;
			files = (
				9B3DA0E720327A1100708A05 /* LaunchScreen.storyboard in Resources */,
				9B3DA0E420327A1100708A05 /* Assets.xcassets in Resources */,
				9B3DA0E220327A1100708A05 /* Main.storyboard in Resources */,
			);
			runOnlyForDeploymentPostprocessing = 0;
		};
		9B3DA0EB20327A1100708A05 /* Resources */ = {
			isa = PBXResourcesBuildPhase;
			buildActionMask = 2147483647;
			files = (
			);
			runOnlyForDeploymentPostprocessing = 0;
		};
		9B3DA0F620327A1100708A05 /* Resources */ = {
			isa = PBXResourcesBuildPhase;
			buildActionMask = 2147483647;
			files = (
			);
			runOnlyForDeploymentPostprocessing = 0;
		};
/* End PBXResourcesBuildPhase section */

/* Begin PBXSourcesBuildPhase section */
		9B3DA0D520327A1100708A05 /* Sources */ = {
			isa = PBXSourcesBuildPhase;
			buildActionMask = 2147483647;
			files = (
				9BB5BB722068A42F006DDA9F /* CellChatDefaultTableViewCell.swift in Sources */,
				9BB5BB6C20688440006DDA9F /* SubtitlesParser.swift in Sources */,
				9BB5BB6F20689A78006DDA9F /* ChattingPlayerView.swift in Sources */,
				9B3DA0DF20327A1100708A05 /* ViewController.swift in Sources */,
				9B3DA0DD20327A1100708A05 /* AppDelegate.swift in Sources */,
			);
			runOnlyForDeploymentPostprocessing = 0;
		};
		9B3DA0E920327A1100708A05 /* Sources */ = {
			isa = PBXSourcesBuildPhase;
			buildActionMask = 2147483647;
			files = (
				9BB5BB6D20688440006DDA9F /* SubtitlesParser.swift in Sources */,
				9B3DA0F220327A1100708A05 /* ChattingAVPlayerTests.swift in Sources */,
			);
			runOnlyForDeploymentPostprocessing = 0;
		};
		9B3DA0F420327A1100708A05 /* Sources */ = {
			isa = PBXSourcesBuildPhase;
			buildActionMask = 2147483647;
			files = (
				9BB5BB732068A42F006DDA9F /* CellChatDefaultTableViewCell.swift in Sources */,
				9B3DA0FD20327A1100708A05 /* ChattingAVPlayerUITests.swift in Sources */,
				9BB5BB7020689A78006DDA9F /* ChattingPlayerView.swift in Sources */,
			);
			runOnlyForDeploymentPostprocessing = 0;
		};
/* End PBXSourcesBuildPhase section */

/* Begin PBXTargetDependency section */
		9B3DA0EF20327A1100708A05 /* PBXTargetDependency */ = {
			isa = PBXTargetDependency;
			target = 9B3DA0D820327A1100708A05 /* ChattingAVPlayer */;
			targetProxy = 9B3DA0EE20327A1100708A05 /* PBXContainerItemProxy */;
		};
		9B3DA0FA20327A1100708A05 /* PBXTargetDependency */ = {
			isa = PBXTargetDependency;
			target = 9B3DA0D820327A1100708A05 /* ChattingAVPlayer */;
			targetProxy = 9B3DA0F920327A1100708A05 /* PBXContainerItemProxy */;
		};
/* End PBXTargetDependency section */

/* Begin PBXVariantGroup section */
		9B3DA0E020327A1100708A05 /* Main.storyboard */ = {
			isa = PBXVariantGroup;
			children = (
				9B3DA0E120327A1100708A05 /* Base */,
			);
			name = Main.storyboard;
			sourceTree = "<group>";
		};
		9B3DA0E520327A1100708A05 /* LaunchScreen.storyboard */ = {
			isa = PBXVariantGroup;
			children = (
				9B3DA0E620327A1100708A05 /* Base */,
			);
			name = LaunchScreen.storyboard;
			sourceTree = "<group>";
		};
/* End PBXVariantGroup section */

/* Begin XCBuildConfiguration section */
		9B3DA0FF20327A1100708A05 /* Debug */ = {
			isa = XCBuildConfiguration;
			buildSettings = {
				ALWAYS_SEARCH_USER_PATHS = NO;
				CLANG_ANALYZER_NONNULL = YES;
				CLANG_ANALYZER_NUMBER_OBJECT_CONVERSION = YES_AGGRESSIVE;
				CLANG_CXX_LANGUAGE_STANDARD = "gnu++14";
				CLANG_CXX_LIBRARY = "libc++";
				CLANG_ENABLE_MODULES = YES;
				CLANG_ENABLE_OBJC_ARC = YES;
				CLANG_WARN_BLOCK_CAPTURE_AUTORELEASING = YES;
				CLANG_WARN_BOOL_CONVERSION = YES;
				CLANG_WARN_COMMA = YES;
				CLANG_WARN_CONSTANT_CONVERSION = YES;
				CLANG_WARN_DIRECT_OBJC_ISA_USAGE = YES_ERROR;
				CLANG_WARN_DOCUMENTATION_COMMENTS = YES;
				CLANG_WARN_EMPTY_BODY = YES;
				CLANG_WARN_ENUM_CONVERSION = YES;
				CLANG_WARN_INFINITE_RECURSION = YES;
				CLANG_WARN_INT_CONVERSION = YES;
				CLANG_WARN_NON_LITERAL_NULL_CONVERSION = YES;
				CLANG_WARN_OBJC_LITERAL_CONVERSION = YES;
				CLANG_WARN_OBJC_ROOT_CLASS = YES_ERROR;
				CLANG_WARN_RANGE_LOOP_ANALYSIS = YES;
				CLANG_WARN_STRICT_PROTOTYPES = YES;
				CLANG_WARN_SUSPICIOUS_MOVE = YES;
				CLANG_WARN_UNGUARDED_AVAILABILITY = YES_AGGRESSIVE;
				CLANG_WARN_UNREACHABLE_CODE = YES;
				CLANG_WARN__DUPLICATE_METHOD_MATCH = YES;
				CODE_SIGN_IDENTITY = "iPhone Developer";
				COPY_PHASE_STRIP = NO;
				DEBUG_INFORMATION_FORMAT = dwarf;
				ENABLE_STRICT_OBJC_MSGSEND = YES;
				ENABLE_TESTABILITY = YES;
				GCC_C_LANGUAGE_STANDARD = gnu11;
				GCC_DYNAMIC_NO_PIC = NO;
				GCC_NO_COMMON_BLOCKS = YES;
				GCC_OPTIMIZATION_LEVEL = 0;
				GCC_PREPROCESSOR_DEFINITIONS = (
					"DEBUG=1",
					"$(inherited)",
				);
				GCC_WARN_64_TO_32_BIT_CONVERSION = YES;
				GCC_WARN_ABOUT_RETURN_TYPE = YES_ERROR;
				GCC_WARN_UNDECLARED_SELECTOR = YES;
				GCC_WARN_UNINITIALIZED_AUTOS = YES_AGGRESSIVE;
				GCC_WARN_UNUSED_FUNCTION = YES;
				GCC_WARN_UNUSED_VARIABLE = YES;
				IPHONEOS_DEPLOYMENT_TARGET = 11.2;
				MTL_ENABLE_DEBUG_INFO = YES;
				ONLY_ACTIVE_ARCH = YES;
				SDKROOT = iphoneos;
				SWIFT_ACTIVE_COMPILATION_CONDITIONS = DEBUG;
				SWIFT_OPTIMIZATION_LEVEL = "-Onone";
			};
			name = Debug;
		};
		9B3DA10020327A1100708A05 /* Release */ = {
			isa = XCBuildConfiguration;
			buildSettings = {
				ALWAYS_SEARCH_USER_PATHS = NO;
				CLANG_ANALYZER_NONNULL = YES;
				CLANG_ANALYZER_NUMBER_OBJECT_CONVERSION = YES_AGGRESSIVE;
				CLANG_CXX_LANGUAGE_STANDARD = "gnu++14";
				CLANG_CXX_LIBRARY = "libc++";
				CLANG_ENABLE_MODULES = YES;
				CLANG_ENABLE_OBJC_ARC = YES;
				CLANG_WARN_BLOCK_CAPTURE_AUTORELEASING = YES;
				CLANG_WARN_BOOL_CONVERSION = YES;
				CLANG_WARN_COMMA = YES;
				CLANG_WARN_CONSTANT_CONVERSION = YES;
				CLANG_WARN_DIRECT_OBJC_ISA_USAGE = YES_ERROR;
				CLANG_WARN_DOCUMENTATION_COMMENTS = YES;
				CLANG_WARN_EMPTY_BODY = YES;
				CLANG_WARN_ENUM_CONVERSION = YES;
				CLANG_WARN_INFINITE_RECURSION = YES;
				CLANG_WARN_INT_CONVERSION = YES;
				CLANG_WARN_NON_LITERAL_NULL_CONVERSION = YES;
				CLANG_WARN_OBJC_LITERAL_CONVERSION = YES;
				CLANG_WARN_OBJC_ROOT_CLASS = YES_ERROR;
				CLANG_WARN_RANGE_LOOP_ANALYSIS = YES;
				CLANG_WARN_STRICT_PROTOTYPES = YES;
				CLANG_WARN_SUSPICIOUS_MOVE = YES;
				CLANG_WARN_UNGUARDED_AVAILABILITY = YES_AGGRESSIVE;
				CLANG_WARN_UNREACHABLE_CODE = YES;
				CLANG_WARN__DUPLICATE_METHOD_MATCH = YES;
				CODE_SIGN_IDENTITY = "iPhone Developer";
				COPY_PHASE_STRIP = NO;
				DEBUG_INFORMATION_FORMAT = "dwarf-with-dsym";
				ENABLE_NS_ASSERTIONS = NO;
				ENABLE_STRICT_OBJC_MSGSEND = YES;
				GCC_C_LANGUAGE_STANDARD = gnu11;
				GCC_NO_COMMON_BLOCKS = YES;
				GCC_WARN_64_TO_32_BIT_CONVERSION = YES;
				GCC_WARN_ABOUT_RETURN_TYPE = YES_ERROR;
				GCC_WARN_UNDECLARED_SELECTOR = YES;
				GCC_WARN_UNINITIALIZED_AUTOS = YES_AGGRESSIVE;
				GCC_WARN_UNUSED_FUNCTION = YES;
				GCC_WARN_UNUSED_VARIABLE = YES;
				IPHONEOS_DEPLOYMENT_TARGET = 11.2;
				MTL_ENABLE_DEBUG_INFO = NO;
				SDKROOT = iphoneos;
				SWIFT_OPTIMIZATION_LEVEL = "-Owholemodule";
				VALIDATE_PRODUCT = YES;
			};
			name = Release;
		};
		9B3DA10220327A1100708A05 /* Debug */ = {
			isa = XCBuildConfiguration;
			buildSettings = {
				ASSETCATALOG_COMPILER_APPICON_NAME = AppIcon;
				CODE_SIGN_STYLE = Automatic;
				INFOPLIST_FILE = ChattingAVPlayer/Info.plist;
				LD_RUNPATH_SEARCH_PATHS = "$(inherited) @executable_path/Frameworks";
				PRODUCT_BUNDLE_IDENTIFIER = flower.geoji.ChattingAVPlayer;
				PRODUCT_NAME = "$(TARGET_NAME)";
				SWIFT_VERSION = 4.0;
				TARGETED_DEVICE_FAMILY = "1,2";
			};
			name = Debug;
		};
		9B3DA10320327A1100708A05 /* Release */ = {
			isa = XCBuildConfiguration;
			buildSettings = {
				ASSETCATALOG_COMPILER_APPICON_NAME = AppIcon;
				CODE_SIGN_STYLE = Automatic;
				INFOPLIST_FILE = ChattingAVPlayer/Info.plist;
				LD_RUNPATH_SEARCH_PATHS = "$(inherited) @executable_path/Frameworks";
				PRODUCT_BUNDLE_IDENTIFIER = flower.geoji.ChattingAVPlayer;
				PRODUCT_NAME = "$(TARGET_NAME)";
				SWIFT_VERSION = 4.0;
				TARGETED_DEVICE_FAMILY = "1,2";
			};
			name = Release;
		};
		9B3DA10520327A1100708A05 /* Debug */ = {
			isa = XCBuildConfiguration;
			buildSettings = {
				ALWAYS_EMBED_SWIFT_STANDARD_LIBRARIES = YES;
				BUNDLE_LOADER = "$(TEST_HOST)";
				CODE_SIGN_STYLE = Automatic;
				INFOPLIST_FILE = ChattingAVPlayerTests/Info.plist;
				LD_RUNPATH_SEARCH_PATHS = "$(inherited) @executable_path/Frameworks @loader_path/Frameworks";
				PRODUCT_BUNDLE_IDENTIFIER = flower.geoji.ChattingAVPlayerTests;
				PRODUCT_NAME = "$(TARGET_NAME)";
				SWIFT_VERSION = 4.0;
				TARGETED_DEVICE_FAMILY = "1,2";
				TEST_HOST = "$(BUILT_PRODUCTS_DIR)/ChattingAVPlayer.app/ChattingAVPlayer";
			};
			name = Debug;
		};
		9B3DA10620327A1100708A05 /* Release */ = {
			isa = XCBuildConfiguration;
			buildSettings = {
				ALWAYS_EMBED_SWIFT_STANDARD_LIBRARIES = YES;
				BUNDLE_LOADER = "$(TEST_HOST)";
				CODE_SIGN_STYLE = Automatic;
				INFOPLIST_FILE = ChattingAVPlayerTests/Info.plist;
				LD_RUNPATH_SEARCH_PATHS = "$(inherited) @executable_path/Frameworks @loader_path/Frameworks";
				PRODUCT_BUNDLE_IDENTIFIER = flower.geoji.ChattingAVPlayerTests;
				PRODUCT_NAME = "$(TARGET_NAME)";
				SWIFT_VERSION = 4.0;
				TARGETED_DEVICE_FAMILY = "1,2";
				TEST_HOST = "$(BUILT_PRODUCTS_DIR)/ChattingAVPlayer.app/ChattingAVPlayer";
			};
			name = Release;
		};
		9B3DA10820327A1100708A05 /* Debug */ = {
			isa = XCBuildConfiguration;
			buildSettings = {
				ALWAYS_EMBED_SWIFT_STANDARD_LIBRARIES = YES;
				CODE_SIGN_STYLE = Automatic;
				INFOPLIST_FILE = ChattingAVPlayerUITests/Info.plist;
				LD_RUNPATH_SEARCH_PATHS = "$(inherited) @executable_path/Frameworks @loader_path/Frameworks";
				PRODUCT_BUNDLE_IDENTIFIER = flower.geoji.ChattingAVPlayerUITests;
				PRODUCT_NAME = "$(TARGET_NAME)";
				SWIFT_VERSION = 4.0;
				TARGETED_DEVICE_FAMILY = "1,2";
				TEST_TARGET_NAME = ChattingAVPlayer;
			};
			name = Debug;
		};
		9B3DA10920327A1100708A05 /* Release */ = {
			isa = XCBuildConfiguration;
			buildSettings = {
				ALWAYS_EMBED_SWIFT_STANDARD_LIBRARIES = YES;
				CODE_SIGN_STYLE = Automatic;
				INFOPLIST_FILE = ChattingAVPlayerUITests/Info.plist;
				LD_RUNPATH_SEARCH_PATHS = "$(inherited) @executable_path/Frameworks @loader_path/Frameworks";
				PRODUCT_BUNDLE_IDENTIFIER = flower.geoji.ChattingAVPlayerUITests;
				PRODUCT_NAME = "$(TARGET_NAME)";
				SWIFT_VERSION = 4.0;
				TARGETED_DEVICE_FAMILY = "1,2";
				TEST_TARGET_NAME = ChattingAVPlayer;
			};
			name = Release;
		};
/* End XCBuildConfiguration section */

/* Begin XCConfigurationList section */
		9B3DA0D420327A1100708A05 /* Build configuration list for PBXProject "ChattingAVPlayer" */ = {
			isa = XCConfigurationList;
			buildConfigurations = (
				9B3DA0FF20327A1100708A05 /* Debug */,
				9B3DA10020327A1100708A05 /* Release */,
			);
			defaultConfigurationIsVisible = 0;
			defaultConfigurationName = Release;
		};
		9B3DA10120327A1100708A05 /* Build configuration list for PBXNativeTarget "ChattingAVPlayer" */ = {
			isa = XCConfigurationList;
			buildConfigurations = (
				9B3DA10220327A1100708A05 /* Debug */,
				9B3DA10320327A1100708A05 /* Release */,
			);
			defaultConfigurationIsVisible = 0;
			defaultConfigurationName = Release;
		};
		9B3DA10420327A1100708A05 /* Build configuration list for PBXNativeTarget "ChattingAVPlayerTests" */ = {
			isa = XCConfigurationList;
			buildConfigurations = (
				9B3DA10520327A1100708A05 /* Debug */,
				9B3DA10620327A1100708A05 /* Release */,
			);
			defaultConfigurationIsVisible = 0;
			defaultConfigurationName = Release;
		};
		9B3DA10720327A1100708A05 /* Build configuration list for PBXNativeTarget "ChattingAVPlayerUITests" */ = {
			isa = XCConfigurationList;
			buildConfigurations = (
				9B3DA10820327A1100708A05 /* Debug */,
				9B3DA10920327A1100708A05 /* Release */,
			);
			defaultConfigurationIsVisible = 0;
			defaultConfigurationName = Release;
		};
/* End XCConfigurationList section */
	};
	rootObject = 9B3DA0D120327A1100708A05 /* Project object */;
}
